// !$*UTF8*$!
{
	archiveVersion = 1;
	classes = {
	};
	objectVersion = 55;
	objects = {

/* Begin PBXBuildFile section */
		42273E8B292BA8AA00903E3A /* NewWaveStoreApp.swift in Sources */ = {isa = PBXBuildFile; fileRef = 42273E7B292BA8A900903E3A /* NewWaveStoreApp.swift */; };
		42273E8C292BA8AA00903E3A /* NewWaveStoreApp.swift in Sources */ = {isa = PBXBuildFile; fileRef = 42273E7B292BA8A900903E3A /* NewWaveStoreApp.swift */; };
		42273E8D292BA8AA00903E3A /* ContentView.swift in Sources */ = {isa = PBXBuildFile; fileRef = 42273E7C292BA8A900903E3A /* ContentView.swift */; };
		42273E8E292BA8AA00903E3A /* ContentView.swift in Sources */ = {isa = PBXBuildFile; fileRef = 42273E7C292BA8A900903E3A /* ContentView.swift */; };
		42273E8F292BA8AA00903E3A /* Assets.xcassets in Resources */ = {isa = PBXBuildFile; fileRef = 42273E7D292BA8AA00903E3A /* Assets.xcassets */; };
		42273E90292BA8AA00903E3A /* Assets.xcassets in Resources */ = {isa = PBXBuildFile; fileRef = 42273E7D292BA8AA00903E3A /* Assets.xcassets */; };
		42273E9A292BAA7C00903E3A /* Product.swift in Sources */ = {isa = PBXBuildFile; fileRef = 42273E99292BAA7C00903E3A /* Product.swift */; };
		42273E9B292BAA7C00903E3A /* Product.swift in Sources */ = {isa = PBXBuildFile; fileRef = 42273E99292BAA7C00903E3A /* Product.swift */; };
		42273E9F292BB26B00903E3A /* ProductList.swift in Sources */ = {isa = PBXBuildFile; fileRef = 42273E9E292BB26B00903E3A /* ProductList.swift */; };
		42273EA0292BB26B00903E3A /* ProductList.swift in Sources */ = {isa = PBXBuildFile; fileRef = 42273E9E292BB26B00903E3A /* ProductList.swift */; };
/* End PBXBuildFile section */

/* Begin PBXFileReference section */
		42273E7B292BA8A900903E3A /* NewWaveStoreApp.swift */ = {isa = PBXFileReference; lastKnownFileType = sourcecode.swift; path = NewWaveStoreApp.swift; sourceTree = "<group>"; };
		42273E7C292BA8A900903E3A /* ContentView.swift */ = {isa = PBXFileReference; lastKnownFileType = sourcecode.swift; path = ContentView.swift; sourceTree = "<group>"; };
		42273E7D292BA8AA00903E3A /* Assets.xcassets */ = {isa = PBXFileReference; lastKnownFileType = folder.assetcatalog; path = Assets.xcassets; sourceTree = "<group>"; };
		42273E82292BA8AA00903E3A /* NewWaveStore.app */ = {isa = PBXFileReference; explicitFileType = wrapper.application; includeInIndex = 0; path = NewWaveStore.app; sourceTree = BUILT_PRODUCTS_DIR; };
		42273E88292BA8AA00903E3A /* NewWaveStore.app */ = {isa = PBXFileReference; explicitFileType = wrapper.application; includeInIndex = 0; path = NewWaveStore.app; sourceTree = BUILT_PRODUCTS_DIR; };
		42273E8A292BA8AA00903E3A /* macOS.entitlements */ = {isa = PBXFileReference; lastKnownFileType = text.plist.entitlements; path = macOS.entitlements; sourceTree = "<group>"; };
		42273E99292BAA7C00903E3A /* Product.swift */ = {isa = PBXFileReference; lastKnownFileType = sourcecode.swift; path = Product.swift; sourceTree = "<group>"; };
		42273E9E292BB26B00903E3A /* ProductList.swift */ = {isa = PBXFileReference; lastKnownFileType = sourcecode.swift; path = ProductList.swift; sourceTree = "<group>"; };
/* End PBXFileReference section */

/* Begin PBXFrameworksBuildPhase section */
		42273E7F292BA8AA00903E3A /* Frameworks */ = {
			isa = PBXFrameworksBuildPhase;
			buildActionMask = 2147483647;
			files = (
			);
			runOnlyForDeploymentPostprocessing = 0;
		};
		42273E85292BA8AA00903E3A /* Frameworks */ = {
			isa = PBXFrameworksBuildPhase;
			buildActionMask = 2147483647;
			files = (
			);
			runOnlyForDeploymentPostprocessing = 0;
		};
/* End PBXFrameworksBuildPhase section */

/* Begin PBXGroup section */
		42273E75292BA8A800903E3A = {
			isa = PBXGroup;
			children = (
				42273E7A292BA8A900903E3A /* Shared */,
				42273E89292BA8AA00903E3A /* macOS */,
				42273E83292BA8AA00903E3A /* Products */,
			);
			sourceTree = "<group>";
		};
		42273E7A292BA8A900903E3A /* Shared */ = {
			isa = PBXGroup;
			children = (
				42273E9D292BAC8B00903E3A /* Views */,
				42273E9C292BAC5F00903E3A /* Model */,
				42273E7B292BA8A900903E3A /* NewWaveStoreApp.swift */,
				42273E7D292BA8AA00903E3A /* Assets.xcassets */,
			);
			path = Shared;
			sourceTree = "<group>";
		};
		42273E83292BA8AA00903E3A /* Products */ = {
			isa = PBXGroup;
			children = (
				42273E82292BA8AA00903E3A /* NewWaveStore.app */,
				42273E88292BA8AA00903E3A /* NewWaveStore.app */,
			);
			name = Products;
			sourceTree = "<group>";
		};
		42273E89292BA8AA00903E3A /* macOS */ = {
			isa = PBXGroup;
			children = (
				42273E8A292BA8AA00903E3A /* macOS.entitlements */,
			);
			path = macOS;
			sourceTree = "<group>";
		};
		42273E9C292BAC5F00903E3A /* Model */ = {
			isa = PBXGroup;
			children = (
				42273E99292BAA7C00903E3A /* Product.swift */,
				42273E9E292BB26B00903E3A /* ProductList.swift */,
			);
			path = Model;
			sourceTree = "<group>";
		};
		42273E9D292BAC8B00903E3A /* Views */ = {
			isa = PBXGroup;
			children = (
				42273E7C292BA8A900903E3A /* ContentView.swift */,
			);
			path = Views;
			sourceTree = "<group>";
		};
/* End PBXGroup section */

/* Begin PBXNativeTarget section */
		42273E81292BA8AA00903E3A /* NewWaveStore (iOS) */ = {
			isa = PBXNativeTarget;
			buildConfigurationList = 42273E93292BA8AA00903E3A /* Build configuration list for PBXNativeTarget "NewWaveStore (iOS)" */;
			buildPhases = (
				42273E7E292BA8AA00903E3A /* Sources */,
				42273E7F292BA8AA00903E3A /* Frameworks */,
				42273E80292BA8AA00903E3A /* Resources */,
			);
			buildRules = (
			);
			dependencies = (
			);
			name = "NewWaveStore (iOS)";
			productName = "NewWaveStore (iOS)";
			productReference = 42273E82292BA8AA00903E3A /* NewWaveStore.app */;
			productType = "com.apple.product-type.application";
		};
		42273E87292BA8AA00903E3A /* NewWaveStore (macOS) */ = {
			isa = PBXNativeTarget;
			buildConfigurationList = 42273E96292BA8AA00903E3A /* Build configuration list for PBXNativeTarget "NewWaveStore (macOS)" */;
			buildPhases = (
				42273E84292BA8AA00903E3A /* Sources */,
				42273E85292BA8AA00903E3A /* Frameworks */,
				42273E86292BA8AA00903E3A /* Resources */,
			);
			buildRules = (
			);
			dependencies = (
			);
			name = "NewWaveStore (macOS)";
			productName = "NewWaveStore (macOS)";
			productReference = 42273E88292BA8AA00903E3A /* NewWaveStore.app */;
			productType = "com.apple.product-type.application";
		};
/* End PBXNativeTarget section */

/* Begin PBXProject section */
		42273E76292BA8A800903E3A /* Project object */ = {
			isa = PBXProject;
			attributes = {
				BuildIndependentTargetsInParallel = 1;
				LastSwiftUpdateCheck = 1340;
				LastUpgradeCheck = 1340;
				TargetAttributes = {
					42273E81292BA8AA00903E3A = {
						CreatedOnToolsVersion = 13.4.1;
					};
					42273E87292BA8AA00903E3A = {
						CreatedOnToolsVersion = 13.4.1;
					};
				};
			};
			buildConfigurationList = 42273E79292BA8A800903E3A /* Build configuration list for PBXProject "NewWaveStore" */;
			compatibilityVersion = "Xcode 13.0";
			developmentRegion = en;
			hasScannedForEncodings = 0;
			knownRegions = (
				en,
				Base,
			);
			mainGroup = 42273E75292BA8A800903E3A;
			productRefGroup = 42273E83292BA8AA00903E3A /* Products */;
			projectDirPath = "";
			projectRoot = "";
			targets = (
				42273E81292BA8AA00903E3A /* NewWaveStore (iOS) */,
				42273E87292BA8AA00903E3A /* NewWaveStore (macOS) */,
			);
		};
/* End PBXProject section */

/* Begin PBXResourcesBuildPhase section */
		42273E80292BA8AA00903E3A /* Resources */ = {
			isa = PBXResourcesBuildPhase;
			buildActionMask = 2147483647;
			files = (
				42273E8F292BA8AA00903E3A /* Assets.xcassets in Resources */,
			);
			runOnlyForDeploymentPostprocessing = 0;
		};
		42273E86292BA8AA00903E3A /* Resources */ = {
			isa = PBXResourcesBuildPhase;
			buildActionMask = 2147483647;
			files = (
				42273E90292BA8AA00903E3A /* Assets.xcassets in Resources */,
			);
			runOnlyForDeploymentPostprocessing = 0;
		};
/* End PBXResourcesBuildPhase section */

/* Begin PBXSourcesBuildPhase section */
		42273E7E292BA8AA00903E3A /* Sources */ = {
			isa = PBXSourcesBuildPhase;
			buildActionMask = 2147483647;
			files = (
				42273E8D292BA8AA00903E3A /* ContentView.swift in Sources */,
				42273E9F292BB26B00903E3A /* ProductList.swift in Sources */,
				42273E8B292BA8AA00903E3A /* NewWaveStoreApp.swift in Sources */,
				42273E9A292BAA7C00903E3A /* Product.swift in Sources */,
			);
			runOnlyForDeploymentPostprocessing = 0;
		};
		42273E84292BA8AA00903E3A /* Sources */ = {
			isa = PBXSourcesBuildPhase;
			buildActionMask = 2147483647;
			files = (
				42273E8E292BA8AA00903E3A /* ContentView.swift in Sources */,
				42273EA0292BB26B00903E3A /* ProductList.swift in Sources */,
				42273E8C292BA8AA00903E3A /* NewWaveStoreApp.swift in Sources */,
				42273E9B292BAA7C00903E3A /* Product.swift in Sources */,
			);
			runOnlyForDeploymentPostprocessing = 0;
		};
/* End PBXSourcesBuildPhase section */

/* Begin XCBuildConfiguration section */
		42273E91292BA8AA00903E3A /* Debug */ = {
			isa = XCBuildConfiguration;
			buildSettings = {
				ALWAYS_SEARCH_USER_PATHS = NO;
				CLANG_ANALYZER_NONNULL = YES;
				CLANG_ANALYZER_NUMBER_OBJECT_CONVERSION = YES_AGGRESSIVE;
				CLANG_CXX_LANGUAGE_STANDARD = "gnu++17";
				CLANG_ENABLE_MODULES = YES;
				CLANG_ENABLE_OBJC_ARC = YES;
				CLANG_ENABLE_OBJC_WEAK = YES;
				CLANG_WARN_BLOCK_CAPTURE_AUTORELEASING = YES;
				CLANG_WARN_BOOL_CONVERSION = YES;
				CLANG_WARN_COMMA = YES;
				CLANG_WARN_CONSTANT_CONVERSION = YES;
				CLANG_WARN_DEPRECATED_OBJC_IMPLEMENTATIONS = YES;
				CLANG_WARN_DIRECT_OBJC_ISA_USAGE = YES_ERROR;
				CLANG_WARN_DOCUMENTATION_COMMENTS = YES;
				CLANG_WARN_EMPTY_BODY = YES;
				CLANG_WARN_ENUM_CONVERSION = YES;
				CLANG_WARN_INFINITE_RECURSION = YES;
				CLANG_WARN_INT_CONVERSION = YES;
				CLANG_WARN_NON_LITERAL_NULL_CONVERSION = YES;
				CLANG_WARN_OBJC_IMPLICIT_RETAIN_SELF = YES;
				CLANG_WARN_OBJC_LITERAL_CONVERSION = YES;
				CLANG_WARN_OBJC_ROOT_CLASS = YES_ERROR;
				CLANG_WARN_QUOTED_INCLUDE_IN_FRAMEWORK_HEADER = YES;
				CLANG_WARN_RANGE_LOOP_ANALYSIS = YES;
				CLANG_WARN_STRICT_PROTOTYPES = YES;
				CLANG_WARN_SUSPICIOUS_MOVE = YES;
				CLANG_WARN_UNGUARDED_AVAILABILITY = YES_AGGRESSIVE;
				CLANG_WARN_UNREACHABLE_CODE = YES;
				CLANG_WARN__DUPLICATE_METHOD_MATCH = YES;
				COPY_PHASE_STRIP = NO;
				DEBUG_INFORMATION_FORMAT = dwarf;
				ENABLE_STRICT_OBJC_MSGSEND = YES;
				ENABLE_TESTABILITY = YES;
				GCC_C_LANGUAGE_STANDARD = gnu11;
				GCC_DYNAMIC_NO_PIC = NO;
				GCC_NO_COMMON_BLOCKS = YES;
				GCC_OPTIMIZATION_LEVEL = 0;
				GCC_PREPROCESSOR_DEFINITIONS = (
					"DEBUG=1",
					"$(inherited)",
				);
				GCC_WARN_64_TO_32_BIT_CONVERSION = YES;
				GCC_WARN_ABOUT_RETURN_TYPE = YES_ERROR;
				GCC_WARN_UNDECLARED_SELECTOR = YES;
				GCC_WARN_UNINITIALIZED_AUTOS = YES_AGGRESSIVE;
				GCC_WARN_UNUSED_FUNCTION = YES;
				GCC_WARN_UNUSED_VARIABLE = YES;
				MTL_ENABLE_DEBUG_INFO = INCLUDE_SOURCE;
				MTL_FAST_MATH = YES;
				ONLY_ACTIVE_ARCH = YES;
				SWIFT_ACTIVE_COMPILATION_CONDITIONS = DEBUG;
				SWIFT_OPTIMIZATION_LEVEL = "-Onone";
			};
			name = Debug;
		};
		42273E92292BA8AA00903E3A /* Release */ = {
			isa = XCBuildConfiguration;
			buildSettings = {
				ALWAYS_SEARCH_USER_PATHS = NO;
				CLANG_ANALYZER_NONNULL = YES;
				CLANG_ANALYZER_NUMBER_OBJECT_CONVERSION = YES_AGGRESSIVE;
				CLANG_CXX_LANGUAGE_STANDARD = "gnu++17";
				CLANG_ENABLE_MODULES = YES;
				CLANG_ENABLE_OBJC_ARC = YES;
				CLANG_ENABLE_OBJC_WEAK = YES;
				CLANG_WARN_BLOCK_CAPTURE_AUTORELEASING = YES;
				CLANG_WARN_BOOL_CONVERSION = YES;
				CLANG_WARN_COMMA = YES;
				CLANG_WARN_CONSTANT_CONVERSION = YES;
				CLANG_WARN_DEPRECATED_OBJC_IMPLEMENTATIONS = YES;
				CLANG_WARN_DIRECT_OBJC_ISA_USAGE = YES_ERROR;
				CLANG_WARN_DOCUMENTATION_COMMENTS = YES;
				CLANG_WARN_EMPTY_BODY = YES;
				CLANG_WARN_ENUM_CONVERSION = YES;
				CLANG_WARN_INFINITE_RECURSION = YES;
				CLANG_WARN_INT_CONVERSION = YES;
				CLANG_WARN_NON_LITERAL_NULL_CONVERSION = YES;
				CLANG_WARN_OBJC_IMPLICIT_RETAIN_SELF = YES;
				CLANG_WARN_OBJC_LITERAL_CONVERSION = YES;
				CLANG_WARN_OBJC_ROOT_CLASS = YES_ERROR;
				CLANG_WARN_QUOTED_INCLUDE_IN_FRAMEWORK_HEADER = YES;
				CLANG_WARN_RANGE_LOOP_ANALYSIS = YES;
				CLANG_WARN_STRICT_PROTOTYPES = YES;
				CLANG_WARN_SUSPICIOUS_MOVE = YES;
				CLANG_WARN_UNGUARDED_AVAILABILITY = YES_AGGRESSIVE;
				CLANG_WARN_UNREACHABLE_CODE = YES;
				CLANG_WARN__DUPLICATE_METHOD_MATCH = YES;
				COPY_PHASE_STRIP = NO;
				DEBUG_INFORMATION_FORMAT = "dwarf-with-dsym";
				ENABLE_NS_ASSERTIONS = NO;
				ENABLE_STRICT_OBJC_MSGSEND = YES;
				GCC_C_LANGUAGE_STANDARD = gnu11;
				GCC_NO_COMMON_BLOCKS = YES;
				GCC_WARN_64_TO_32_BIT_CONVERSION = YES;
				GCC_WARN_ABOUT_RETURN_TYPE = YES_ERROR;
				GCC_WARN_UNDECLARED_SELECTOR = YES;
				GCC_WARN_UNINITIALIZED_AUTOS = YES_AGGRESSIVE;
				GCC_WARN_UNUSED_FUNCTION = YES;
				GCC_WARN_UNUSED_VARIABLE = YES;
				MTL_ENABLE_DEBUG_INFO = NO;
				MTL_FAST_MATH = YES;
				SWIFT_COMPILATION_MODE = wholemodule;
				SWIFT_OPTIMIZATION_LEVEL = "-O";
			};
			name = Release;
		};
		42273E94292BA8AA00903E3A /* Debug */ = {
			isa = XCBuildConfiguration;
			buildSettings = {
				ASSETCATALOG_COMPILER_APPICON_NAME = AppIcon;
				ASSETCATALOG_COMPILER_GLOBAL_ACCENT_COLOR_NAME = AccentColor;
				CODE_SIGN_STYLE = Automatic;
				CURRENT_PROJECT_VERSION = 1;
				DEVELOPMENT_TEAM = 88L72W72P3;
				ENABLE_PREVIEWS = YES;
				GENERATE_INFOPLIST_FILE = YES;
				INFOPLIST_KEY_UIApplicationSceneManifest_Generation = YES;
				INFOPLIST_KEY_UIApplicationSupportsIndirectInputEvents = YES;
				INFOPLIST_KEY_UILaunchScreen_Generation = YES;
				INFOPLIST_KEY_UISupportedInterfaceOrientations_iPad = "UIInterfaceOrientationPortrait UIInterfaceOrientationPortraitUpsideDown UIInterfaceOrientationLandscapeLeft UIInterfaceOrientationLandscapeRight";
				INFOPLIST_KEY_UISupportedInterfaceOrientations_iPhone = "UIInterfaceOrientationPortrait UIInterfaceOrientationLandscapeLeft UIInterfaceOrientationLandscapeRight";
				IPHONEOS_DEPLOYMENT_TARGET = 15.5;
				LD_RUNPATH_SEARCH_PATHS = (
					"$(inherited)",
					"@executable_path/Frameworks",
				);
				MARKETING_VERSION = 1.0;
				PRODUCT_BUNDLE_IDENTIFIER = "C-D-Co..NewWaveStore";
				PRODUCT_NAME = NewWaveStore;
				SDKROOT = iphoneos;
				SWIFT_EMIT_LOC_STRINGS = YES;
				SWIFT_VERSION = 5.0;
				TARGETED_DEVICE_FAMILY = "1,2";
			};
			name = Debug;
		};
		42273E95292BA8AA00903E3A /* Release */ = {
			isa = XCBuildConfiguration;
			buildSettings = {
				ASSETCATALOG_COMPILER_APPICON_NAME = AppIcon;
				ASSETCATALOG_COMPILER_GLOBAL_ACCENT_COLOR_NAME = AccentColor;
				CODE_SIGN_STYLE = Automatic;
				CURRENT_PROJECT_VERSION = 1;
				DEVELOPMENT_TEAM = 88L72W72P3;
				ENABLE_PREVIEWS = YES;
				GENERATE_INFOPLIST_FILE = YES;
				INFOPLIST_KEY_UIApplicationSceneManifest_Generation = YES;
				INFOPLIST_KEY_UIApplicationSupportsIndirectInputEvents = YES;
				INFOPLIST_KEY_UILaunchScreen_Generation = YES;
				INFOPLIST_KEY_UISupportedInterfaceOrientations_iPad = "UIInterfaceOrientationPortrait UIInterfaceOrientationPortraitUpsideDown UIInterfaceOrientationLandscapeLeft UIInterfaceOrientationLandscapeRight";
				INFOPLIST_KEY_UISupportedInterfaceOrientations_iPhone = "UIInterfaceOrientationPortrait UIInterfaceOrientationLandscapeLeft UIInterfaceOrientationLandscapeRight";
				IPHONEOS_DEPLOYMENT_TARGET = 15.5;
				LD_RUNPATH_SEARCH_PATHS = (
					"$(inherited)",
					"@executable_path/Frameworks",
				);
				MARKETING_VERSION = 1.0;
				PRODUCT_BUNDLE_IDENTIFIER = "C-D-Co..NewWaveStore";
				PRODUCT_NAME = NewWaveStore;
				SDKROOT = iphoneos;
				SWIFT_EMIT_LOC_STRINGS = YES;
				SWIFT_VERSION = 5.0;
				TARGETED_DEVICE_FAMILY = "1,2";
				VALIDATE_PRODUCT = YES;
			};
			name = Release;
		};
		42273E97292BA8AA00903E3A /* Debug */ = {
			isa = XCBuildConfiguration;
			buildSettings = {
				ASSETCATALOG_COMPILER_APPICON_NAME = AppIcon;
				ASSETCATALOG_COMPILER_GLOBAL_ACCENT_COLOR_NAME = AccentColor;
				CODE_SIGN_ENTITLEMENTS = macOS/macOS.entitlements;
				CODE_SIGN_STYLE = Automatic;
				COMBINE_HIDPI_IMAGES = YES;
				CURRENT_PROJECT_VERSION = 1;
				DEVELOPMENT_TEAM = 88L72W72P3;
				ENABLE_HARDENED_RUNTIME = YES;
				ENABLE_PREVIEWS = YES;
				GENERATE_INFOPLIST_FILE = YES;
				INFOPLIST_KEY_NSHumanReadableCopyright = "";
				LD_RUNPATH_SEARCH_PATHS = (
					"$(inherited)",
					"@executable_path/../Frameworks",
				);
				MACOSX_DEPLOYMENT_TARGET = 12.3;
				MARKETING_VERSION = 1.0;
				PRODUCT_BUNDLE_IDENTIFIER = "C-D-Co..NewWaveStore";
				PRODUCT_NAME = NewWaveStore;
				SDKROOT = macosx;
				SWIFT_EMIT_LOC_STRINGS = YES;
				SWIFT_VERSION = 5.0;
			};
			name = Debug;
		};
		42273E98292BA8AA00903E3A /* Release */ = {
			isa = XCBuildConfiguration;
			buildSettings = {
				ASSETCATALOG_COMPILER_APPICON_NAME = AppIcon;
				ASSETCATALOG_COMPILER_GLOBAL_ACCENT_COLOR_NAME = AccentColor;
				CODE_SIGN_ENTITLEMENTS = macOS/macOS.entitlements;
				CODE_SIGN_STYLE = Automatic;
				COMBINE_HIDPI_IMAGES = YES;
				CURRENT_PROJECT_VERSION = 1;
				DEVELOPMENT_TEAM = 88L72W72P3;
				ENABLE_HARDENED_RUNTIME = YES;
				ENABLE_PREVIEWS = YES;
				GENERATE_INFOPLIST_FILE = YES;
				INFOPLIST_KEY_NSHumanReadableCopyright = "";
				LD_RUNPATH_SEARCH_PATHS = (
					"$(inherited)",
					"@executable_path/../Frameworks",
				);
				MACOSX_DEPLOYMENT_TARGET = 12.3;
				MARKETING_VERSION = 1.0;
				PRODUCT_BUNDLE_IDENTIFIER = "C-D-Co..NewWaveStore";
				PRODUCT_NAME = NewWaveStore;
				SDKROOT = macosx;
				SWIFT_EMIT_LOC_STRINGS = YES;
				SWIFT_VERSION = 5.0;
			};
			name = Release;
		};
/* End XCBuildConfiguration section */

/* Begin XCConfigurationList section */
		42273E79292BA8A800903E3A /* Build configuration list for PBXProject "NewWaveStore" */ = {
			isa = XCConfigurationList;
			buildConfigurations = (
				42273E91292BA8AA00903E3A /* Debug */,
				42273E92292BA8AA00903E3A /* Release */,
			);
			defaultConfigurationIsVisible = 0;
			defaultConfigurationName = Release;
		};
		42273E93292BA8AA00903E3A /* Build configuration list for PBXNativeTarget "NewWaveStore (iOS)" */ = {
			isa = XCConfigurationList;
			buildConfigurations = (
				42273E94292BA8AA00903E3A /* Debug */,
				42273E95292BA8AA00903E3A /* Release */,
			);
			defaultConfigurationIsVisible = 0;
			defaultConfigurationName = Release;
		};
		42273E96292BA8AA00903E3A /* Build configuration list for PBXNativeTarget "NewWaveStore (macOS)" */ = {
			isa = XCConfigurationList;
			buildConfigurations = (
				42273E97292BA8AA00903E3A /* Debug */,
				42273E98292BA8AA00903E3A /* Release */,
			);
			defaultConfigurationIsVisible = 0;
			defaultConfigurationName = Release;
		};
/* End XCConfigurationList section */
	};
	rootObject = 42273E76292BA8A800903E3A /* Project object */;
}
